<?xml version="1.0" encoding="utf-8"?>
<Project ToolsVersion="4.0" xmlns="http://schemas.microsoft.com/developer/msbuild/2003">
  <ItemGroup>
    <ClCompile Include="main.cpp">
      <Filter>Source Files</Filter>
    </ClCompile>
    <ClCompile Include="SharedResource.cpp">
      <Filter>Source Files</Filter>
    </ClCompile>
    <ClCompile Include="OdometryGrabber.cpp">
      <Filter>Source Files</Filter>
    </ClCompile>
    <ClCompile Include="KinectGrabber.cpp">
      <Filter>Source Files</Filter>
    </ClCompile>
    <ClCompile Include="Explorer.cpp">
      <Filter>Source Files</Filter>
    </ClCompile>
    <ClCompile Include="Learner.cpp">
      <Filter>Source Files</Filter>
    </ClCompile>
    <ClCompile Include="MicroCommander.cpp">
      <Filter>Source Files</Filter>
    </ClCompile>
    <ClCompile Include="MyObject.cpp">
      <Filter>Source Files</Filter>
    </ClCompile>
    <ClCompile Include="SLAM.cpp">
      <Filter>Source Files</Filter>
    </ClCompile>
    <ClCompile Include="Viewer.cpp">
      <Filter>Source Files</Filter>
    </ClCompile>
    <ClCompile Include="PathDirector.cpp">
      <Filter>Source Files</Filter>
    </ClCompile>
    <ClCompile Include="Segmentor.cpp">
      <Filter>Source Files</Filter>
    </ClCompile>
    <ClCompile Include="Interface_automoc.cpp">
      <Filter>Source Files</Filter>
    </ClCompile>
  </ItemGroup>
  <ItemGroup>
    <ClInclude Include="SharedResource.h">
      <Filter>Header Files</Filter>
    </ClInclude>
    <ClInclude Include="OdometryGrabber.h">
      <Filter>Header Files</Filter>
    </ClInclude>
    <ClInclude Include="KinectGrabber.h">
      <Filter>Header Files</Filter>
    </ClInclude>
    <ClInclude Include="Explorer.h">
      <Filter>Header Files</Filter>
    </ClInclude>
    <ClInclude Include="Learner.h">
      <Filter>Header Files</Filter>
    </ClInclude>
    <ClInclude Include="MicroCommander.h">
      <Filter>Header Files</Filter>
    </ClInclude>
    <ClInclude Include="MyObject.h">
      <Filter>Header Files</Filter>
    </ClInclude>
    <ClInclude Include="SLAM.h">
      <Filter>Header Files</Filter>
    </ClInclude>
    <ClInclude Include="Viewer.h">
      <Filter>Header Files</Filter>
    </ClInclude>
    <ClInclude Include="PathDirector.h">
      <Filter>Header Files</Filter>
    </ClInclude>
    <ClInclude Include="Segmentor.h">
      <Filter>Header Files</Filter>
    </ClInclude>
  </ItemGroup>
  <ItemGroup>
    <CustomBuild Include="CMakeLists.txt" />
  </ItemGroup>
  <ItemGroup>
    <Filter Include="Source Files">
      <UniqueIdentifier>{F67E0707-EF45-43E9-9A95-F77F617A7E6A}</UniqueIdentifier>
    </Filter>
    <Filter Include="Header Files">
      <UniqueIdentifier>{F008327D-17F5-4A66-84E2-70B0697CFFEF}</UniqueIdentifier>
    </Filter>
  </ItemGroup>
</Project>
