Microsoft Visual Studio Solution File, Format Version 12.00
# Visual Studio Express 2012 for Windows Desktop
Project("{8BC9CEB8-8B4A-11D0-8D11-00A0C91BC942}") = "ALL_BUILD", "ALL_BUILD.vcxproj", "{03C719FE-5D7F-4B94-86FC-3FBC9DD82B1E}"
	ProjectSection(ProjectDependencies) = postProject
		{0E817003-3ECB-4E7D-B76D-7482782B074F} = {0E817003-3ECB-4E7D-B76D-7482782B074F}
		{29993B9F-BC89-4651-8E29-201C7EC1FBC8} = {29993B9F-BC89-4651-8E29-201C7EC1FBC8}
	EndProjectSection
EndProject
Project("{8BC9CEB8-8B4A-11D0-8D11-00A0C91BC942}") = "Interface", "Interface.vcxproj", "{0E817003-3ECB-4E7D-B76D-7482782B074F}"
	ProjectSection(ProjectDependencies) = postProject
		{29993B9F-BC89-4651-8E29-201C7EC1FBC8} = {29993B9F-BC89-4651-8E29-201C7EC1FBC8}
	EndProjectSection
EndProject
Project("{8BC9CEB8-8B4A-11D0-8D11-00A0C91BC942}") = "ZERO_CHECK", "ZERO_CHECK.vcxproj", "{29993B9F-BC89-4651-8E29-201C7EC1FBC8}"
	ProjectSection(ProjectDependencies) = postProject
	EndProjectSection
EndProject
Global
	GlobalSection(SolutionConfigurationPlatforms) = preSolution
		Debug|x64 = Debug|x64
		Release|x64 = Release|x64
		MinSizeRel|x64 = MinSizeRel|x64
		RelWithDebInfo|x64 = RelWithDebInfo|x64
	EndGlobalSection
	GlobalSection(ProjectConfigurationPlatforms) = postSolution
		{03C719FE-5D7F-4B94-86FC-3FBC9DD82B1E}.Debug|x64.ActiveCfg = Debug|x64
		{03C719FE-5D7F-4B94-86FC-3FBC9DD82B1E}.Release|x64.ActiveCfg = Release|x64
		{03C719FE-5D7F-4B94-86FC-3FBC9DD82B1E}.MinSizeRel|x64.ActiveCfg = MinSizeRel|x64
		{03C719FE-5D7F-4B94-86FC-3FBC9DD82B1E}.RelWithDebInfo|x64.ActiveCfg = RelWithDebInfo|x64
		{0E817003-3ECB-4E7D-B76D-7482782B074F}.Debug|x64.ActiveCfg = Debug|x64
		{0E817003-3ECB-4E7D-B76D-7482782B074F}.Debug|x64.Build.0 = Debug|x64
		{0E817003-3ECB-4E7D-B76D-7482782B074F}.Release|x64.ActiveCfg = Release|x64
		{0E817003-3ECB-4E7D-B76D-7482782B074F}.Release|x64.Build.0 = Release|x64
		{0E817003-3ECB-4E7D-B76D-7482782B074F}.MinSizeRel|x64.ActiveCfg = MinSizeRel|x64
		{0E817003-3ECB-4E7D-B76D-7482782B074F}.MinSizeRel|x64.Build.0 = MinSizeRel|x64
		{0E817003-3ECB-4E7D-B76D-7482782B074F}.RelWithDebInfo|x64.ActiveCfg = RelWithDebInfo|x64
		{0E817003-3ECB-4E7D-B76D-7482782B074F}.RelWithDebInfo|x64.Build.0 = RelWithDebInfo|x64
		{29993B9F-BC89-4651-8E29-201C7EC1FBC8}.Debug|x64.ActiveCfg = Debug|x64
		{29993B9F-BC89-4651-8E29-201C7EC1FBC8}.Debug|x64.Build.0 = Debug|x64
		{29993B9F-BC89-4651-8E29-201C7EC1FBC8}.Release|x64.ActiveCfg = Release|x64
		{29993B9F-BC89-4651-8E29-201C7EC1FBC8}.Release|x64.Build.0 = Release|x64
		{29993B9F-BC89-4651-8E29-201C7EC1FBC8}.MinSizeRel|x64.ActiveCfg = MinSizeRel|x64
		{29993B9F-BC89-4651-8E29-201C7EC1FBC8}.MinSizeRel|x64.Build.0 = MinSizeRel|x64
		{29993B9F-BC89-4651-8E29-201C7EC1FBC8}.RelWithDebInfo|x64.ActiveCfg = RelWithDebInfo|x64
		{29993B9F-BC89-4651-8E29-201C7EC1FBC8}.RelWithDebInfo|x64.Build.0 = RelWithDebInfo|x64
	EndGlobalSection
	GlobalSection(ExtensibilityGlobals) = postSolution
	EndGlobalSection
	GlobalSection(ExtensibilityAddIns) = postSolution
	EndGlobalSection
EndGlobal
